
Microsoft Visual Studio Solution File, Format Version 12.00
# Visual Studio 15
VisualStudioVersion = 15.0.28307.168
MinimumVisualStudioVersion = 10.0.40219.1
Project("{FAE04EC0-301F-11D3-BF4B-00C04F79EFBC}") = "SibersTest.Web", "SibersTest.Web\SibersTest.Web.csproj", "{90E0A166-C4D9-4633-A6A1-9142A412A5F8}"
EndProject
Project("{FAE04EC0-301F-11D3-BF4B-00C04F79EFBC}") = "SibersTest.DAL", "SibersTest.DAL\SibersTest.DAL.csproj", "{323D5F2D-7613-43EB-8F93-864E4167ADF0}"
EndProject
Project("{FAE04EC0-301F-11D3-BF4B-00C04F79EFBC}") = "SibersTest.Model", "SibersTest.Model\SibersTest.Model.csproj", "{C9F973B1-427A-434F-8261-CEEE93329A6F}"
EndProject
Project("{FAE04EC0-301F-11D3-BF4B-00C04F79EFBC}") = "SibersTest.BLL", "SibersTest.BLL\SibersTest.BLL.csproj", "{05F151DF-7B10-41A5-92A9-945675CCC4CA}"
EndProject
Global
	GlobalSection(SolutionConfigurationPlatforms) = preSolution
		Debug|Any CPU = Debug|Any CPU
		Release|Any CPU = Release|Any CPU
	EndGlobalSection
	GlobalSection(ProjectConfigurationPlatforms) = postSolution
		{90E0A166-C4D9-4633-A6A1-9142A412A5F8}.Debug|Any CPU.ActiveCfg = Debug|Any CPU
		{90E0A166-C4D9-4633-A6A1-9142A412A5F8}.Debug|Any CPU.Build.0 = Debug|Any CPU
		{90E0A166-C4D9-4633-A6A1-9142A412A5F8}.Release|Any CPU.ActiveCfg = Release|Any CPU
		{90E0A166-C4D9-4633-A6A1-9142A412A5F8}.Release|Any CPU.Build.0 = Release|Any CPU
		{323D5F2D-7613-43EB-8F93-864E4167ADF0}.Debug|Any CPU.ActiveCfg = Debug|Any CPU
		{323D5F2D-7613-43EB-8F93-864E4167ADF0}.Debug|Any CPU.Build.0 = Debug|Any CPU
		{323D5F2D-7613-43EB-8F93-864E4167ADF0}.Release|Any CPU.ActiveCfg = Release|Any CPU
		{323D5F2D-7613-43EB-8F93-864E4167ADF0}.Release|Any CPU.Build.0 = Release|Any CPU
		{C9F973B1-427A-434F-8261-CEEE93329A6F}.Debug|Any CPU.ActiveCfg = Debug|Any CPU
		{C9F973B1-427A-434F-8261-CEEE93329A6F}.Debug|Any CPU.Build.0 = Debug|Any CPU
		{C9F973B1-427A-434F-8261-CEEE93329A6F}.Release|Any CPU.ActiveCfg = Release|Any CPU
		{C9F973B1-427A-434F-8261-CEEE93329A6F}.Release|Any CPU.Build.0 = Release|Any CPU
		{05F151DF-7B10-41A5-92A9-945675CCC4CA}.Debug|Any CPU.ActiveCfg = Debug|Any CPU
		{05F151DF-7B10-41A5-92A9-945675CCC4CA}.Debug|Any CPU.Build.0 = Debug|Any CPU
		{05F151DF-7B10-41A5-92A9-945675CCC4CA}.Release|Any CPU.ActiveCfg = Release|Any CPU
		{05F151DF-7B10-41A5-92A9-945675CCC4CA}.Release|Any CPU.Build.0 = Release|Any CPU
	EndGlobalSection
	GlobalSection(SolutionProperties) = preSolution
		HideSolutionNode = FALSE
	EndGlobalSection
	GlobalSection(ExtensibilityGlobals) = postSolution
		SolutionGuid = {1E1FD15B-C1D2-4137-842D-C6141AE3948E}
	EndGlobalSection
EndGlobal
